
Microsoft Visual Studio Solution File, Format Version 12.00
# Visual Studio 15
VisualStudioVersion = 15.0.28307.489
MinimumVisualStudioVersion = 10.0.40219.1
Project("{FAE04EC0-301F-11D3-BF4B-00C04F79EFBC}") = "POS", "POS\POS.csproj", "{046EFD36-5D2A-4C10-A01B-A520FD3FB129}"
EndProject
Project("{FAE04EC0-301F-11D3-BF4B-00C04F79EFBC}") = "DataLayer", "DataLayer\DataLayer.csproj", "{AD35508E-13D0-406F-8C42-85F7D396C978}"
EndProject
Project("{FAE04EC0-301F-11D3-BF4B-00C04F79EFBC}") = "models", "models\models.csproj", "{6BF999FC-6BB6-49C1-8E96-425D079FBB54}"
EndProject
Global
	GlobalSection(SolutionConfigurationPlatforms) = preSolution
		Debug|Any CPU = Debug|Any CPU
		Release|Any CPU = Release|Any CPU
	EndGlobalSection
	GlobalSection(ProjectConfigurationPlatforms) = postSolution
		{046EFD36-5D2A-4C10-A01B-A520FD3FB129}.Debug|Any CPU.ActiveCfg = Debug|Any CPU
		{046EFD36-5D2A-4C10-A01B-A520FD3FB129}.Debug|Any CPU.Build.0 = Debug|Any CPU
		{046EFD36-5D2A-4C10-A01B-A520FD3FB129}.Release|Any CPU.ActiveCfg = Release|Any CPU
		{046EFD36-5D2A-4C10-A01B-A520FD3FB129}.Release|Any CPU.Build.0 = Release|Any CPU
		{AD35508E-13D0-406F-8C42-85F7D396C978}.Debug|Any CPU.ActiveCfg = Debug|Any CPU
		{AD35508E-13D0-406F-8C42-85F7D396C978}.Debug|Any CPU.Build.0 = Debug|Any CPU
		{AD35508E-13D0-406F-8C42-85F7D396C978}.Release|Any CPU.ActiveCfg = Release|Any CPU
		{AD35508E-13D0-406F-8C42-85F7D396C978}.Release|Any CPU.Build.0 = Release|Any CPU
		{6BF999FC-6BB6-49C1-8E96-425D079FBB54}.Debug|Any CPU.ActiveCfg = Debug|Any CPU
		{6BF999FC-6BB6-49C1-8E96-425D079FBB54}.Debug|Any CPU.Build.0 = Debug|Any CPU
		{6BF999FC-6BB6-49C1-8E96-425D079FBB54}.Release|Any CPU.ActiveCfg = Release|Any CPU
		{6BF999FC-6BB6-49C1-8E96-425D079FBB54}.Release|Any CPU.Build.0 = Release|Any CPU
	EndGlobalSection
	GlobalSection(SolutionProperties) = preSolution
		HideSolutionNode = FALSE
	EndGlobalSection
	GlobalSection(ExtensibilityGlobals) = postSolution
		SolutionGuid = {B509B05E-178C-44A3-B97F-F9775DF4E505}
	EndGlobalSection
EndGlobal
